
Microsoft Visual Studio Solution File, Format Version 12.00
# Visual Studio Version 17
VisualStudioVersion = 17.8.34330.188
MinimumVisualStudioVersion = 10.0.40219.1
Project("{FAE04EC0-301F-11D3-BF4B-00C04F79EFBC}") = "CollegeFeeCalculator", "CollegeFeeCalculator.csproj", "{71C5F734-C798-49B4-8349-A6FD110E6EC1}"
EndProject
Global
	GlobalSection(SolutionConfigurationPlatforms) = preSolution
		Debug|Any CPU = Debug|Any CPU
		Release|Any CPU = Release|Any CPU
	EndGlobalSection
	GlobalSection(ProjectConfigurationPlatforms) = postSolution
		{71C5F734-C798-49B4-8349-A6FD110E6EC1}.Debug|Any CPU.ActiveCfg = Debug|Any CPU
		{71C5F734-C798-49B4-8349-A6FD110E6EC1}.Debug|Any CPU.Build.0 = Debug|Any CPU
		{71C5F734-C798-49B4-8349-A6FD110E6EC1}.Release|Any CPU.ActiveCfg = Release|Any CPU
		{71C5F734-C798-49B4-8349-A6FD110E6EC1}.Release|Any CPU.Build.0 = Release|Any CPU
	EndGlobalSection
	GlobalSection(SolutionProperties) = preSolution
		HideSolutionNode = FALSE
	EndGlobalSection
	GlobalSection(ExtensibilityGlobals) = postSolution
		SolutionGuid = {F7D45C14-735D-4923-BA5F-E2088BD4D746}
	EndGlobalSection
EndGlobal
